{
  "originHash" : "73bbac2b60acf885c44657c571c298b5f4de9bd56b21cc51461b1ab3c9bbf2de",
  "pins" : [
    {
      "identity" : "simplexnoisefilter",
      "kind" : "remoteSourceControl",
      "location" : "https://github.com/JoshuaSullivan/SimplexNoiseFilter.git",
      "state" : {
        "revision" : "091607969586d33f491fe29fca91802ef9ea50db",
        "version" : "1.3.2"
      }
    }
  ],
  "version" : 3
}
